
Microsoft Visual Studio Solution File, Format Version 12.00
# Visual Studio Version 17
VisualStudioVersion = 17.5.33530.505
MinimumVisualStudioVersion = 10.0.40219.1
Project("{9A19103F-16F7-4668-BE54-9A1E7A4F7556}") = "Tickets.WebAPI", "Tickets.WebAPI\Tickets.WebAPI.csproj", "{71B0093E-7808-4E8D-87CC-296FEABC2C33}"
EndProject
Project("{2150E333-8FDC-42A3-9474-1A3956D46DE8}") = "BAL", "BAL", "{38BD1ADF-7AB5-4B9B-977A-AD58D88E5310}"
EndProject
Project("{2150E333-8FDC-42A3-9474-1A3956D46DE8}") = "DAL", "DAL", "{A502997F-4642-426A-B85B-1348997A844A}"
EndProject
Project("{2150E333-8FDC-42A3-9474-1A3956D46DE8}") = "Presentation", "Presentation", "{F6CF68EF-7AD9-4C7B-A9E6-7FC474BE2A7D}"
EndProject
Project("{9A19103F-16F7-4668-BE54-9A1E7A4F7556}") = "Tickets.BAL", "Tickets.BAL\Tickets.BAL.csproj", "{FB043426-14E9-483D-88C4-22F2CDF1ED78}"
EndProject
Project("{9A19103F-16F7-4668-BE54-9A1E7A4F7556}") = "Tickets.DAL", "Tickets.DAL\Tickets.DAL.csproj", "{785FB832-C25D-496B-A2CB-4DBF3BD6D0E6}"
EndProject
Project("{E53339B2-1760-4266-BCC7-CA923CBCF16C}") = "docker-compose", "docker-compose.dcproj", "{7EECA00C-D95C-4279-A786-1FA9FFA593D4}"
EndProject
Global
	GlobalSection(SolutionConfigurationPlatforms) = preSolution
		Debug|Any CPU = Debug|Any CPU
		Release|Any CPU = Release|Any CPU
	EndGlobalSection
	GlobalSection(ProjectConfigurationPlatforms) = postSolution
		{71B0093E-7808-4E8D-87CC-296FEABC2C33}.Debug|Any CPU.ActiveCfg = Debug|Any CPU
		{71B0093E-7808-4E8D-87CC-296FEABC2C33}.Debug|Any CPU.Build.0 = Debug|Any CPU
		{71B0093E-7808-4E8D-87CC-296FEABC2C33}.Release|Any CPU.ActiveCfg = Release|Any CPU
		{71B0093E-7808-4E8D-87CC-296FEABC2C33}.Release|Any CPU.Build.0 = Release|Any CPU
		{FB043426-14E9-483D-88C4-22F2CDF1ED78}.Debug|Any CPU.ActiveCfg = Debug|Any CPU
		{FB043426-14E9-483D-88C4-22F2CDF1ED78}.Debug|Any CPU.Build.0 = Debug|Any CPU
		{FB043426-14E9-483D-88C4-22F2CDF1ED78}.Release|Any CPU.ActiveCfg = Release|Any CPU
		{FB043426-14E9-483D-88C4-22F2CDF1ED78}.Release|Any CPU.Build.0 = Release|Any CPU
		{785FB832-C25D-496B-A2CB-4DBF3BD6D0E6}.Debug|Any CPU.ActiveCfg = Debug|Any CPU
		{785FB832-C25D-496B-A2CB-4DBF3BD6D0E6}.Debug|Any CPU.Build.0 = Debug|Any CPU
		{785FB832-C25D-496B-A2CB-4DBF3BD6D0E6}.Release|Any CPU.ActiveCfg = Release|Any CPU
		{785FB832-C25D-496B-A2CB-4DBF3BD6D0E6}.Release|Any CPU.Build.0 = Release|Any CPU
		{7EECA00C-D95C-4279-A786-1FA9FFA593D4}.Debug|Any CPU.ActiveCfg = Debug|Any CPU
		{7EECA00C-D95C-4279-A786-1FA9FFA593D4}.Debug|Any CPU.Build.0 = Debug|Any CPU
		{7EECA00C-D95C-4279-A786-1FA9FFA593D4}.Release|Any CPU.ActiveCfg = Release|Any CPU
		{7EECA00C-D95C-4279-A786-1FA9FFA593D4}.Release|Any CPU.Build.0 = Release|Any CPU
	EndGlobalSection
	GlobalSection(SolutionProperties) = preSolution
		HideSolutionNode = FALSE
	EndGlobalSection
	GlobalSection(NestedProjects) = preSolution
		{71B0093E-7808-4E8D-87CC-296FEABC2C33} = {F6CF68EF-7AD9-4C7B-A9E6-7FC474BE2A7D}
		{FB043426-14E9-483D-88C4-22F2CDF1ED78} = {38BD1ADF-7AB5-4B9B-977A-AD58D88E5310}
		{785FB832-C25D-496B-A2CB-4DBF3BD6D0E6} = {A502997F-4642-426A-B85B-1348997A844A}
	EndGlobalSection
	GlobalSection(ExtensibilityGlobals) = postSolution
		SolutionGuid = {8D9D3D7C-9696-406D-A0AD-402259394676}
	EndGlobalSection
EndGlobal
